<Solution>
  <Folder Name="/src/">
    <Project Path="src/Flexbox/Flexbox.csproj" Id="48fb409f-74d2-4085-af0d-6c1cec76b9c5" />
    <Project Path="src/SUIM/SUIM.csproj" />
    <Project Path="src/SUIMStride/SUIMStride.csproj" />
  </Folder>
  <Folder Name="/src/Example/">
    <Project Path="src/Example/Chess3d.Windows/Chess3d.Windows.csproj" />
    <Project Path="src/Example/Chess3d/Chess3d.csproj" />
  </Folder>
  <Folder Name="/tests/">
    <Project Path="tests/SUIM.Tests/SUIM.Tests.csproj" />
  </Folder>
</Solution>
